
Microsoft Visual Studio Solution File, Format Version 12.00
# Visual Studio 15
VisualStudioVersion = 15.0.26124.0
MinimumVisualStudioVersion = 15.0.26124.0
Project("{F2A71F9B-5D33-465A-A702-920D77279786}") = "Tempo.Core", "src\Tempo.Core\Tempo.Core.fsproj", "{B46E7B25-6007-47AE-9FA7-A5689601A458}"
EndProject
Project("{F2A71F9B-5D33-465A-A702-920D77279786}") = "Tempo.Html", "src\Tempo.Html\Tempo.Html.fsproj", "{6DB4F108-814D-43B7-B741-E4947C05F006}"
EndProject
Project("{F2A71F9B-5D33-465A-A702-920D77279786}") = "Tempo.Demo", "src\Tempo.Demo\Tempo.Demo.fsproj", "{F74F372D-4C03-4721-B974-4CF04795D782}"
EndProject
Global
	GlobalSection(SolutionConfigurationPlatforms) = preSolution
		Debug|Any CPU = Debug|Any CPU
		Debug|x64 = Debug|x64
		Debug|x86 = Debug|x86
		Release|Any CPU = Release|Any CPU
		Release|x64 = Release|x64
		Release|x86 = Release|x86
	EndGlobalSection
	GlobalSection(SolutionProperties) = preSolution
		HideSolutionNode = FALSE
	EndGlobalSection
	GlobalSection(ProjectConfigurationPlatforms) = postSolution
		{B46E7B25-6007-47AE-9FA7-A5689601A458}.Debug|Any CPU.ActiveCfg = Debug|Any CPU
		{B46E7B25-6007-47AE-9FA7-A5689601A458}.Debug|Any CPU.Build.0 = Debug|Any CPU
		{B46E7B25-6007-47AE-9FA7-A5689601A458}.Debug|x64.ActiveCfg = Debug|Any CPU
		{B46E7B25-6007-47AE-9FA7-A5689601A458}.Debug|x64.Build.0 = Debug|Any CPU
		{B46E7B25-6007-47AE-9FA7-A5689601A458}.Debug|x86.ActiveCfg = Debug|Any CPU
		{B46E7B25-6007-47AE-9FA7-A5689601A458}.Debug|x86.Build.0 = Debug|Any CPU
		{B46E7B25-6007-47AE-9FA7-A5689601A458}.Release|Any CPU.ActiveCfg = Release|Any CPU
		{B46E7B25-6007-47AE-9FA7-A5689601A458}.Release|Any CPU.Build.0 = Release|Any CPU
		{B46E7B25-6007-47AE-9FA7-A5689601A458}.Release|x64.ActiveCfg = Release|Any CPU
		{B46E7B25-6007-47AE-9FA7-A5689601A458}.Release|x64.Build.0 = Release|Any CPU
		{B46E7B25-6007-47AE-9FA7-A5689601A458}.Release|x86.ActiveCfg = Release|Any CPU
		{B46E7B25-6007-47AE-9FA7-A5689601A458}.Release|x86.Build.0 = Release|Any CPU
		{6DB4F108-814D-43B7-B741-E4947C05F006}.Debug|Any CPU.ActiveCfg = Debug|Any CPU
		{6DB4F108-814D-43B7-B741-E4947C05F006}.Debug|Any CPU.Build.0 = Debug|Any CPU
		{6DB4F108-814D-43B7-B741-E4947C05F006}.Debug|x64.ActiveCfg = Debug|Any CPU
		{6DB4F108-814D-43B7-B741-E4947C05F006}.Debug|x64.Build.0 = Debug|Any CPU
		{6DB4F108-814D-43B7-B741-E4947C05F006}.Debug|x86.ActiveCfg = Debug|Any CPU
		{6DB4F108-814D-43B7-B741-E4947C05F006}.Debug|x86.Build.0 = Debug|Any CPU
		{6DB4F108-814D-43B7-B741-E4947C05F006}.Release|Any CPU.ActiveCfg = Release|Any CPU
		{6DB4F108-814D-43B7-B741-E4947C05F006}.Release|Any CPU.Build.0 = Release|Any CPU
		{6DB4F108-814D-43B7-B741-E4947C05F006}.Release|x64.ActiveCfg = Release|Any CPU
		{6DB4F108-814D-43B7-B741-E4947C05F006}.Release|x64.Build.0 = Release|Any CPU
		{6DB4F108-814D-43B7-B741-E4947C05F006}.Release|x86.ActiveCfg = Release|Any CPU
		{6DB4F108-814D-43B7-B741-E4947C05F006}.Release|x86.Build.0 = Release|Any CPU
		{F74F372D-4C03-4721-B974-4CF04795D782}.Debug|Any CPU.ActiveCfg = Debug|Any CPU
		{F74F372D-4C03-4721-B974-4CF04795D782}.Debug|Any CPU.Build.0 = Debug|Any CPU
		{F74F372D-4C03-4721-B974-4CF04795D782}.Debug|x64.ActiveCfg = Debug|Any CPU
		{F74F372D-4C03-4721-B974-4CF04795D782}.Debug|x64.Build.0 = Debug|Any CPU
		{F74F372D-4C03-4721-B974-4CF04795D782}.Debug|x86.ActiveCfg = Debug|Any CPU
		{F74F372D-4C03-4721-B974-4CF04795D782}.Debug|x86.Build.0 = Debug|Any CPU
		{F74F372D-4C03-4721-B974-4CF04795D782}.Release|Any CPU.ActiveCfg = Release|Any CPU
		{F74F372D-4C03-4721-B974-4CF04795D782}.Release|Any CPU.Build.0 = Release|Any CPU
		{F74F372D-4C03-4721-B974-4CF04795D782}.Release|x64.ActiveCfg = Release|Any CPU
		{F74F372D-4C03-4721-B974-4CF04795D782}.Release|x64.Build.0 = Release|Any CPU
		{F74F372D-4C03-4721-B974-4CF04795D782}.Release|x86.ActiveCfg = Release|Any CPU
		{F74F372D-4C03-4721-B974-4CF04795D782}.Release|x86.Build.0 = Release|Any CPU
	EndGlobalSection
EndGlobal
